
Microsoft Visual Studio Solution File, Format Version 12.00
# Visual Studio Version 17
VisualStudioVersion = 17.0.32014.148
MinimumVisualStudioVersion = 10.0.40219.1
Project("{FAE04EC0-301F-11D3-BF4B-00C04F79EFBC}") = "CallerLog", "CallerLog\CallerLog.csproj", "{4A2F20B9-2462-472A-98C8-BC0841ED45DA}"
EndProject
Global
	GlobalSection(SolutionConfigurationPlatforms) = preSolution
		Debug|Any CPU = Debug|Any CPU
		Release|Any CPU = Release|Any CPU
	EndGlobalSection
	GlobalSection(ProjectConfigurationPlatforms) = postSolution
		{4A2F20B9-2462-472A-98C8-BC0841ED45DA}.Debug|Any CPU.ActiveCfg = Debug|Any CPU
		{4A2F20B9-2462-472A-98C8-BC0841ED45DA}.Debug|Any CPU.Build.0 = Debug|Any CPU
		{4A2F20B9-2462-472A-98C8-BC0841ED45DA}.Release|Any CPU.ActiveCfg = Release|Any CPU
		{4A2F20B9-2462-472A-98C8-BC0841ED45DA}.Release|Any CPU.Build.0 = Release|Any CPU
	EndGlobalSection
	GlobalSection(SolutionProperties) = preSolution
		HideSolutionNode = FALSE
	EndGlobalSection
	GlobalSection(ExtensibilityGlobals) = postSolution
		SolutionGuid = {98E1B772-DD44-495C-8005-CB6E4ABDB1EC}
	EndGlobalSection
EndGlobal
